
Microsoft Visual Studio Solution File, Format Version 12.00
# Visual Studio Version 16
VisualStudioVersion = 16.0.29905.134
MinimumVisualStudioVersion = 10.0.40219.1
Project("{FAE04EC0-301F-11D3-BF4B-00C04F79EFBC}") = "practica", "practica.csproj", "{FCD23831-2A3F-4C9C-AA2B-2E48C093E516}"
EndProject
Global
	GlobalSection(SolutionConfigurationPlatforms) = preSolution
		Debug|Any CPU = Debug|Any CPU
		Release|Any CPU = Release|Any CPU
	EndGlobalSection
	GlobalSection(ProjectConfigurationPlatforms) = postSolution
		{FCD23831-2A3F-4C9C-AA2B-2E48C093E516}.Debug|Any CPU.ActiveCfg = Debug|Any CPU
		{FCD23831-2A3F-4C9C-AA2B-2E48C093E516}.Debug|Any CPU.Build.0 = Debug|Any CPU
		{FCD23831-2A3F-4C9C-AA2B-2E48C093E516}.Release|Any CPU.ActiveCfg = Release|Any CPU
		{FCD23831-2A3F-4C9C-AA2B-2E48C093E516}.Release|Any CPU.Build.0 = Release|Any CPU
	EndGlobalSection
	GlobalSection(SolutionProperties) = preSolution
		HideSolutionNode = FALSE
	EndGlobalSection
	GlobalSection(ExtensibilityGlobals) = postSolution
		SolutionGuid = {C02C07D9-057E-4667-B6A9-267CB0C0ED51}
	EndGlobalSection
EndGlobal
